
Microsoft Visual Studio Solution File, Format Version 12.00
# Visual Studio Version 16
VisualStudioVersion = 16.0.31702.278
MinimumVisualStudioVersion = 10.0.40219.1
Project("{9A19103F-16F7-4668-BE54-9A1E7A4F7556}") = "Biblioteca", "Biblioteca\Biblioteca.csproj", "{992CBC81-1BED-41F2-AC8E-A5C0832C1CD3}"
EndProject
Project("{FAE04EC0-301F-11D3-BF4B-00C04F79EFBC}") = "AdministracionTienda", "AdministracionTienda\AdministracionTienda.csproj", "{9831991D-CFAF-4ED6-B207-028B4EE1D6AB}"
EndProject
Global
	GlobalSection(SolutionConfigurationPlatforms) = preSolution
		Debug|Any CPU = Debug|Any CPU
		Release|Any CPU = Release|Any CPU
	EndGlobalSection
	GlobalSection(ProjectConfigurationPlatforms) = postSolution
		{992CBC81-1BED-41F2-AC8E-A5C0832C1CD3}.Debug|Any CPU.ActiveCfg = Debug|Any CPU
		{992CBC81-1BED-41F2-AC8E-A5C0832C1CD3}.Debug|Any CPU.Build.0 = Debug|Any CPU
		{992CBC81-1BED-41F2-AC8E-A5C0832C1CD3}.Release|Any CPU.ActiveCfg = Release|Any CPU
		{992CBC81-1BED-41F2-AC8E-A5C0832C1CD3}.Release|Any CPU.Build.0 = Release|Any CPU
		{9831991D-CFAF-4ED6-B207-028B4EE1D6AB}.Debug|Any CPU.ActiveCfg = Debug|Any CPU
		{9831991D-CFAF-4ED6-B207-028B4EE1D6AB}.Debug|Any CPU.Build.0 = Debug|Any CPU
		{9831991D-CFAF-4ED6-B207-028B4EE1D6AB}.Release|Any CPU.ActiveCfg = Release|Any CPU
		{9831991D-CFAF-4ED6-B207-028B4EE1D6AB}.Release|Any CPU.Build.0 = Release|Any CPU
	EndGlobalSection
	GlobalSection(SolutionProperties) = preSolution
		HideSolutionNode = FALSE
	EndGlobalSection
	GlobalSection(ExtensibilityGlobals) = postSolution
		SolutionGuid = {483C911E-953C-4933-A9C8-147E58AE1364}
	EndGlobalSection
EndGlobal
